
Microsoft Visual Studio Solution File, Format Version 12.00
# Visual Studio Version 17
VisualStudioVersion = 17.9.34902.65
MinimumVisualStudioVersion = 10.0.40219.1
Project("{9A19103F-16F7-4668-BE54-9A1E7A4F7556}") = "HangfireJobProcessor.Test", "HangfireJobProcessor.Test.csproj", "{B8E18CED-DCCC-42BB-98BA-FCF724A04F80}"
EndProject
Global
	GlobalSection(SolutionConfigurationPlatforms) = preSolution
		Debug|Any CPU = Debug|Any CPU
		Release|Any CPU = Release|Any CPU
	EndGlobalSection
	GlobalSection(ProjectConfigurationPlatforms) = postSolution
		{B8E18CED-DCCC-42BB-98BA-FCF724A04F80}.Debug|Any CPU.ActiveCfg = Debug|Any CPU
		{B8E18CED-DCCC-42BB-98BA-FCF724A04F80}.Debug|Any CPU.Build.0 = Debug|Any CPU
		{B8E18CED-DCCC-42BB-98BA-FCF724A04F80}.Release|Any CPU.ActiveCfg = Release|Any CPU
		{B8E18CED-DCCC-42BB-98BA-FCF724A04F80}.Release|Any CPU.Build.0 = Release|Any CPU
	EndGlobalSection
	GlobalSection(SolutionProperties) = preSolution
		HideSolutionNode = FALSE
	EndGlobalSection
	GlobalSection(ExtensibilityGlobals) = postSolution
		SolutionGuid = {A184294A-CFC6-49F2-A331-D7BF0707AF6E}
	EndGlobalSection
EndGlobal
